<?xml version="1.0" encoding="UTF-8" standalone="yes" ?>
<CodeBlocks_project_file>
	<FileVersion major="1" minor="6" />
	<Project>
		<Option title="project" />
		<Option pch_mode="2" />
		<Option compiler="gcc" />
		<Option virtualFolders="addons\;addons\ofx3DLoader\src\;addons\ofxShader\;addons\ofxShader\src\;project\src\;addons\ofxAlphaVideoPlayer\;addons\ofxOsc\src\;addons\ofxMidiIn\events\;addons\ofxMidiIn\libs\;addons\ofxMidiIn\src\;addons\ofxXmlSettings\;addons\ofxXmlSettings\src\;addons\ofxXmlSettings\libs\;addons\ofxConsole\src\;" />
		<Build>
			<Target title="Debug">
				<Option output="bin\$(PROJECT_NAME)_DEBUG" prefix_auto="1" extension_auto="1" />
				<Option working_dir="bin" />
				<Option object_output="obj\Debug\" />
				<Option type="1" />
				<Option compiler="gcc" />
				<Option projectLinkerOptionsRelation="2" />
				<Compiler>
					<Add option="-g" />
				</Compiler>
				<Linker>
					<Add option="../of_preRelease_v0061_win_cb_FAT/libs/openFrameworksCompiled/lib/win_cb/openFrameworksDebug.lib" />
				</Linker>
			</Target>
			<Target title="Release_console">
				<Option output="bin\$(PROJECT_NAME)_console" prefix_auto="1" extension_auto="1" />
				<Option working_dir="bin" />
				<Option object_output="obj\Release\" />
				<Option type="1" />
				<Option compiler="gcc" />
				<Option projectLinkerOptionsRelation="2" />
				<Compiler>
					<Add option="-O2" />
					<Add option="-DCONSOLE" />
				</Compiler>
				<Linker>
					<Add option="-s" />
					<Add option="../of_preRelease_v0061_win_cb_FAT/libs/openFrameworksCompiled/lib/win_cb/openFrameworks.lib" />
				</Linker>
			</Target>
			<Target title="Release_client">
				<Option output="bin\$(PROJECT_NAME)_client" prefix_auto="1" extension_auto="1" />
				<Option working_dir="bin" />
				<Option object_output="obj\Release_client\" />
				<Option type="1" />
				<Option compiler="gcc" />
				<Option projectLinkerOptionsRelation="2" />
				<Linker>
					<Add option="../of_preRelease_v0061_win_cb_FAT/libs/openFrameworksCompiled/lib/win_cb/openFrameworks.lib" />
				</Linker>
			</Target>
		</Build>
		<Compiler>
			<Add option="-Wall" />
			<Add option="-Wno-multichar" />
			<Add directory="..\of_preRelease_v0061_win_cb_FAT\libs\openFrameworks" />
			<Add directory="..\of_preRelease_v0061_win_cb_FAT\libs\openFrameworks\app" />
			<Add directory="..\of_preRelease_v0061_win_cb_FAT\libs\openFrameworks\communication" />
			<Add directory="..\of_preRelease_v0061_win_cb_FAT\libs\openFrameworks\events" />
			<Add directory="..\of_preRelease_v0061_win_cb_FAT\libs\openFrameworks\graphics" />
			<Add directory="..\of_preRelease_v0061_win_cb_FAT\libs\openFrameworks\sound" />
			<Add directory="..\of_preRelease_v0061_win_cb_FAT\libs\openFrameworks\utils" />
			<Add directory="..\of_preRelease_v0061_win_cb_FAT\libs\openFrameworks\video" />
			<Add directory="..\of_preRelease_v0061_win_cb_FAT\libs\glee\include" />
			<Add directory="..\of_preRelease_v0061_win_cb_FAT\libs\glu\include" />
			<Add directory="..\of_preRelease_v0061_win_cb_FAT\libs\glut\include" />
			<Add directory="..\of_preRelease_v0061_win_cb_FAT\libs\fmodex\include" />
			<Add directory="..\of_preRelease_v0061_win_cb_FAT\libs\FreeImage\include" />
			<Add directory="..\of_preRelease_v0061_win_cb_FAT\libs\freetype\include" />
			<Add directory="..\of_preRelease_v0061_win_cb_FAT\libs\freetype\include\freetype2" />
			<Add directory="..\of_preRelease_v0061_win_cb_FAT\libs\poco\include" />
			<Add directory="..\of_preRelease_v0061_win_cb_FAT\libs\quicktime\include" />
			<Add directory="..\of_preRelease_v0061_win_cb_FAT\libs\rtAudio\include" />
			<Add directory="..\of_preRelease_v0061_win_cb_FAT\libs\videoInput\include" />
			<Add directory="..\of_preRelease_v0061_win_cb_FAT\addons\" />
			<Add directory="..\of_preRelease_v0061_win_cb_FAT\addons\ofx3DModelLoader\src\3DS\" />
			<Add directory="..\of_preRelease_v0061_win_cb_FAT\addons\ofx3DModelLoader\src\" />
			<Add directory="..\of_preRelease_v0061_win_cb_FAT\addons\ofxOsc\src\" />
			<Add directory="..\of_preRelease_v0061_win_cb_FAT\addons\ofxOsc\libs\oscpack\include\ip" />
			<Add directory="..\of_preRelease_v0061_win_cb_FAT\addons\ofxOsc\libs\oscpack\include\osc" />
			<Add directory="addons\ofxMidiIn\src" />
			<Add directory="addons\ofxMidiIn\events" />
			<Add directory="addons\ofxMidiIn\libs" />
			<Add directory="..\of_preRelease_v0061_win_cb_FAT\addons\ofxXmlSettings\src" />
			<Add directory="..\of_preRelease_v0061_win_cb_FAT\addons\ofxXmlSettings\libs" />
			<Add directory="addons\ofxShader\src" />
			<Add directory="addons\ofxConsole\src" />
		</Compiler>
		<Linker>
			<Add option="../of_preRelease_v0061_win_cb_FAT/libs/FreeImage/lib/win_cb/FreeImage.lib" />
			<Add option="../of_preRelease_v0061_win_cb_FAT/libs/rtAudio/lib/win_cb/RtAudio.a" />
			<Add option="../of_preRelease_v0061_win_cb_FAT/libs/quicktime/lib/win_cb/qtmlClient.lib" />
			<Add option="../of_preRelease_v0061_win_cb_FAT/libs/freetype/lib/win_cb/libfreetype.a" />
			<Add option="../of_preRelease_v0061_win_cb_FAT/libs/glut/lib/win_cb/libglut.a" />
			<Add option="../of_preRelease_v0061_win_cb_FAT/libs/videoInput/lib/win_cb/videoInputLib.a" />
			<Add option="../of_preRelease_v0061_win_cb_FAT/libs/fmodex/lib/win_cb/libfmodex.a" />
			<Add option="../of_preRelease_v0061_win_cb_FAT/libs/glee/lib/win_cb/GLee.lib" />
			<Add option="../of_preRelease_v0061_win_cb_FAT/libs/glu/lib/win_cb/glu32.lib" />
			<Add option="../of_preRelease_v0061_win_cb_FAT/libs/poco/lib/win_cb/libPocoNetmt.a" />
			<Add option="../of_preRelease_v0061_win_cb_FAT/libs/poco/lib/win_cb/libPocoUtilmt.a" />
			<Add option="../of_preRelease_v0061_win_cb_FAT/libs/poco/lib/win_cb/libPocoXMLmt.a" />
			<Add option="../of_preRelease_v0061_win_cb_FAT/libs/poco/lib/win_cb/libPocoFoundationmt.a" />
			<Add option="../of_preRelease_v0061_win_cb_FAT/addons/ofxOsc/libs/oscpack/lib/win_cb/oscpack.a" />
			<Add option="-lopengl32" />
			<Add option="-lglu32" />
			<Add option="-ldsound" />
			<Add option="-lwinmm" />
			<Add option="-ldxguid" />
			<Add option="-lstrmiids" />
			<Add option="-luuid" />
			<Add option="-lole32" />
			<Add option="-loleaut32" />
			<Add option="-lsetupapi" />
			<Add option="-lwsock32" />
			<Add option="-lws2_32" />
			<Add option="-lIphlpapi" />
		</Linker>
		<ExtraCommands>
			<Add after='xcopy /e /i /y &quot;$(PROJECT_DIR)..\of_preRelease_v0061_win_cb_FAT\export\win_cb\*.dll&quot;  &quot;$(PROJECT_DIR)bin&quot;' />
			<Add after='cmd /c if not exist &quot;$(PROJECT_DIR)bin/data&quot; mkdir &quot;$(PROJECT_DIR)bin/data&quot;' />
			<Mode after="always" />
		</ExtraCommands>
		<Unit filename="..\of_preRelease_v0061_win_cb_FAT\addons\ofx3DModelLoader\src\3DS\Vector3DS.h">
			<Option virtualFolder="addons\ofx3DLoader\src" />
		</Unit>
		<Unit filename="..\of_preRelease_v0061_win_cb_FAT\addons\ofx3DModelLoader\src\3DS\model3DS.cpp">
			<Option virtualFolder="addons\ofx3DLoader\src" />
		</Unit>
		<Unit filename="..\of_preRelease_v0061_win_cb_FAT\addons\ofx3DModelLoader\src\3DS\model3DS.h">
			<Option virtualFolder="addons\ofx3DLoader\src" />
		</Unit>
		<Unit filename="..\of_preRelease_v0061_win_cb_FAT\addons\ofx3DModelLoader\src\3DS\texture3DS.cpp">
			<Option virtualFolder="addons\ofx3DLoader\src" />
		</Unit>
		<Unit filename="..\of_preRelease_v0061_win_cb_FAT\addons\ofx3DModelLoader\src\3DS\texture3DS.h">
			<Option virtualFolder="addons\ofx3DLoader\src" />
		</Unit>
		<Unit filename="..\of_preRelease_v0061_win_cb_FAT\addons\ofx3DModelLoader\src\ofx3DBaseLoader.h">
			<Option virtualFolder="addons\ofx3DLoader\src" />
		</Unit>
		<Unit filename="..\of_preRelease_v0061_win_cb_FAT\addons\ofx3DModelLoader\src\ofx3DModelLoader.h">
			<Option virtualFolder="addons\ofx3DLoader\src" />
		</Unit>
		<Unit filename="..\of_preRelease_v0061_win_cb_FAT\addons\ofx3DModelLoader\src\ofx3dModelLoader.cpp">
			<Option virtualFolder="addons\ofx3DLoader\src" />
		</Unit>
		<Unit filename="..\of_preRelease_v0061_win_cb_FAT\addons\ofxOsc\src\ofxOsc.h">
			<Option virtualFolder="addons\ofxOsc\src\" />
		</Unit>
		<Unit filename="..\of_preRelease_v0061_win_cb_FAT\addons\ofxOsc\src\ofxOscArg.h">
			<Option virtualFolder="addons\ofxOsc\src\" />
		</Unit>
		<Unit filename="..\of_preRelease_v0061_win_cb_FAT\addons\ofxOsc\src\ofxOscBundle.cpp">
			<Option virtualFolder="addons\ofxOsc\src\" />
		</Unit>
		<Unit filename="..\of_preRelease_v0061_win_cb_FAT\addons\ofxOsc\src\ofxOscBundle.h">
			<Option virtualFolder="addons\ofxOsc\src\" />
		</Unit>
		<Unit filename="..\of_preRelease_v0061_win_cb_FAT\addons\ofxOsc\src\ofxOscMessage.cpp">
			<Option virtualFolder="addons\ofxOsc\src\" />
		</Unit>
		<Unit filename="..\of_preRelease_v0061_win_cb_FAT\addons\ofxOsc\src\ofxOscMessage.h">
			<Option virtualFolder="addons\ofxOsc\src\" />
		</Unit>
		<Unit filename="..\of_preRelease_v0061_win_cb_FAT\addons\ofxOsc\src\ofxOscReceiver.cpp">
			<Option virtualFolder="addons\ofxOsc\src\" />
		</Unit>
		<Unit filename="..\of_preRelease_v0061_win_cb_FAT\addons\ofxOsc\src\ofxOscReceiver.h">
			<Option virtualFolder="addons\ofxOsc\src\" />
		</Unit>
		<Unit filename="..\of_preRelease_v0061_win_cb_FAT\addons\ofxOsc\src\ofxOscSender.cpp">
			<Option virtualFolder="addons\ofxOsc\src\" />
		</Unit>
		<Unit filename="..\of_preRelease_v0061_win_cb_FAT\addons\ofxOsc\src\ofxOscSender.h">
			<Option virtualFolder="addons\ofxOsc\src\" />
		</Unit>
		<Unit filename="..\of_preRelease_v0061_win_cb_FAT\addons\ofxXmlSettings\libs\tinyxml.cpp">
			<Option virtualFolder="addons\ofxXmlSettings\libs\" />
		</Unit>
		<Unit filename="..\of_preRelease_v0061_win_cb_FAT\addons\ofxXmlSettings\libs\tinyxml.h">
			<Option virtualFolder="addons\ofxXmlSettings\libs\" />
		</Unit>
		<Unit filename="..\of_preRelease_v0061_win_cb_FAT\addons\ofxXmlSettings\libs\tinyxmlerror.cpp">
			<Option virtualFolder="addons\ofxXmlSettings\libs\" />
		</Unit>
		<Unit filename="..\of_preRelease_v0061_win_cb_FAT\addons\ofxXmlSettings\libs\tinyxmlparser.cpp">
			<Option virtualFolder="addons\ofxXmlSettings\libs\" />
		</Unit>
		<Unit filename="..\of_preRelease_v0061_win_cb_FAT\addons\ofxXmlSettings\src\ofxXmlSettings.cpp">
			<Option virtualFolder="addons\ofxXmlSettings\src\" />
		</Unit>
		<Unit filename="..\of_preRelease_v0061_win_cb_FAT\addons\ofxXmlSettings\src\ofxXmlSettings.h">
			<Option virtualFolder="addons\ofxXmlSettings\src\" />
		</Unit>
		<Unit filename="addons\ofxAlphaVideoPlayer\ofxAlphaVideoPlayer.cpp">
			<Option virtualFolder="addons\ofxAlphaVideoPlayer\" />
		</Unit>
		<Unit filename="addons\ofxAlphaVideoPlayer\ofxAlphaVideoPlayer.h">
			<Option virtualFolder="addons\ofxAlphaVideoPlayer\" />
		</Unit>
		<Unit filename="addons\ofxAlphaVideoPlayer\ofxQtUtils_alpha.cpp">
			<Option virtualFolder="addons\ofxAlphaVideoPlayer\" />
		</Unit>
		<Unit filename="addons\ofxAlphaVideoPlayer\ofxQtUtils_alpha.h">
			<Option virtualFolder="addons\ofxAlphaVideoPlayer\" />
		</Unit>
		<Unit filename="addons\ofxConsole\src\ofxConsole.h">
			<Option virtualFolder="addons\ofxConsole\src" />
		</Unit>
		<Unit filename="addons\ofxConsole\src\ofxConsoleBase.cpp">
			<Option virtualFolder="addons\ofxConsole\src" />
		</Unit>
		<Unit filename="addons\ofxConsole\src\ofxConsoleBase.h">
			<Option virtualFolder="addons\ofxConsole\src" />
		</Unit>
		<Unit filename="addons\ofxConsole\src\ofxConsoleFunctor.h">
			<Option virtualFolder="addons\ofxConsole\src" />
		</Unit>
		<Unit filename="addons\ofxMidiIn\events\ofxMidiEvents.h">
			<Option virtualFolder="addons\ofxMidiIn\events" />
		</Unit>
		<Unit filename="addons\ofxMidiIn\libs\RtMidi.cpp">
			<Option virtualFolder="addons\ofxMidiIn\libs" />
		</Unit>
		<Unit filename="addons\ofxMidiIn\libs\RtMidi.h">
			<Option virtualFolder="addons\ofxMidiIn\libs" />
		</Unit>
		<Unit filename="addons\ofxMidiIn\src\ofxMidiIn.cpp">
			<Option virtualFolder="addons\ofxMidiIn\src" />
		</Unit>
		<Unit filename="addons\ofxMidiIn\src\ofxMidiIn.h">
			<Option virtualFolder="addons\ofxMidiIn\src" />
		</Unit>
		<Unit filename="addons\ofxShader\src\ofxShader.cpp">
			<Option virtualFolder="addons\ofxShader\src\" />
		</Unit>
		<Unit filename="addons\ofxShader\src\ofxShader.h">
			<Option virtualFolder="addons\ofxShader\src\" />
		</Unit>
		<Unit filename="src\Animation.cpp" />
		<Unit filename="src\Animation.h" />
		<Unit filename="src\AnimationController.cpp" />
		<Unit filename="src\AnimationController.h" />
		<Unit filename="src\AnimationLoop.cpp" />
		<Unit filename="src\AnimationLoop.h" />
		<Unit filename="src\Background.cpp" />
		<Unit filename="src\Background.h" />
		<Unit filename="src\Clonable.h" />
		<Unit filename="src\EventArg.h" />
		<Unit filename="src\IEventListener.h" />
		<Unit filename="src\IPropertyManager.h" />
		<Unit filename="src\LinearAnimation.cpp" />
		<Unit filename="src\LinearAnimation.h" />
		<Unit filename="src\Material.cpp" />
		<Unit filename="src\Material.h" />
		<Unit filename="src\MidiManager.cpp" />
		<Unit filename="src\MidiManager.h" />
		<Unit filename="src\Modifier.cpp" />
		<Unit filename="src\Modifier.h" />
		<Unit filename="src\Object3D.cpp" />
		<Unit filename="src\Object3D.h" />
		<Unit filename="src\OscManager.cpp" />
		<Unit filename="src\OscManager.h" />
		<Unit filename="src\Quad2D.cpp" />
		<Unit filename="src\Quad2D.h" />
		<Unit filename="src\TextureManager.cpp" />
		<Unit filename="src\TextureManager.h" />
		<Unit filename="src\TimeManager.cpp" />
		<Unit filename="src\TimeManager.h" />
		<Unit filename="src\main.cpp" />
		<Unit filename="src\testApp.cpp" />
		<Unit filename="src\testApp.h" />
		<Extensions>
			<code_completion />
			<debugger />
		</Extensions>
	</Project>
</CodeBlocks_project_file>
